{
  "object": {
    "pins": [
      {
        "package": "SurfPlaybook",
        "repositoryURL": "https://github.com/chausovSurfStudio/SurfPlaybook",
        "state": {
          "branch": null,
          "revision": "0df1a62364145c20ebee7a6747d333502e300f6e",
          "version": null
        }
      }
    ]
  },
  "version": 1
}
