{
  "object": {
    "pins": [
      {
        "package": "SurfPlaybook",
        "repositoryURL": "https://github.com/chausovSurfStudio/SurfPlaybook",
        "state": {
          "branch": null,
          "revision": "84f3bf6c60ab04f22e1f94f41d40201a63293ce2",
          "version": null
        }
      }
    ]
  },
  "version": 1
}
