{
  "object": {
    "pins": [
      {
        "package": "SurfPlaybook",
        "repositoryURL": "https://github.com/chausovSurfStudio/SurfPlaybook",
        "state": {
          "branch": null,
          "revision": "883a756de1c364b22c771574979c690c0839377d",
          "version": null
        }
      }
    ]
  },
  "version": 1
}
